
Microsoft Visual Studio Solution File, Format Version 12.00
# Visual Studio Version 17
VisualStudioVersion = 17.2.32516.85
MinimumVisualStudioVersion = 10.0.40219.1
Project("{9A19103F-16F7-4668-BE54-9A1E7A4F7556}") = "APIWithRabbitMQ.WebAPI", "APIWithRabbitMQ.WebAPI\APIWithRabbitMQ.WebAPI.csproj", "{0C75F8A0-9DFB-427A-A997-FB5E5A528062}"
EndProject
Project("{FAE04EC0-301F-11D3-BF4B-00C04F79EFBC}") = "Consumer-RabbitMQ.WebAPI", "Consumer-RabbitMQ.WebAPI\Consumer-RabbitMQ.WebAPI.csproj", "{E9FBF2CD-8D8A-407B-A306-A3E3A1D68855}"
EndProject
Project("{FAE04EC0-301F-11D3-BF4B-00C04F79EFBC}") = "APIWithRabbitMQ.Domain", "APIWithRabbitMQ.Domain\APIWithRabbitMQ.Domain.csproj", "{395B33A6-F36E-41D3-A74B-409FF2D325DB}"
EndProject
Global
	GlobalSection(SolutionConfigurationPlatforms) = preSolution
		Debug|Any CPU = Debug|Any CPU
		Release|Any CPU = Release|Any CPU
	EndGlobalSection
	GlobalSection(ProjectConfigurationPlatforms) = postSolution
		{0C75F8A0-9DFB-427A-A997-FB5E5A528062}.Debug|Any CPU.ActiveCfg = Debug|Any CPU
		{0C75F8A0-9DFB-427A-A997-FB5E5A528062}.Debug|Any CPU.Build.0 = Debug|Any CPU
		{0C75F8A0-9DFB-427A-A997-FB5E5A528062}.Release|Any CPU.ActiveCfg = Release|Any CPU
		{0C75F8A0-9DFB-427A-A997-FB5E5A528062}.Release|Any CPU.Build.0 = Release|Any CPU
		{E9FBF2CD-8D8A-407B-A306-A3E3A1D68855}.Debug|Any CPU.ActiveCfg = Debug|Any CPU
		{E9FBF2CD-8D8A-407B-A306-A3E3A1D68855}.Debug|Any CPU.Build.0 = Debug|Any CPU
		{E9FBF2CD-8D8A-407B-A306-A3E3A1D68855}.Release|Any CPU.ActiveCfg = Release|Any CPU
		{E9FBF2CD-8D8A-407B-A306-A3E3A1D68855}.Release|Any CPU.Build.0 = Release|Any CPU
		{395B33A6-F36E-41D3-A74B-409FF2D325DB}.Debug|Any CPU.ActiveCfg = Debug|Any CPU
		{395B33A6-F36E-41D3-A74B-409FF2D325DB}.Debug|Any CPU.Build.0 = Debug|Any CPU
		{395B33A6-F36E-41D3-A74B-409FF2D325DB}.Release|Any CPU.ActiveCfg = Release|Any CPU
		{395B33A6-F36E-41D3-A74B-409FF2D325DB}.Release|Any CPU.Build.0 = Release|Any CPU
	EndGlobalSection
	GlobalSection(SolutionProperties) = preSolution
		HideSolutionNode = FALSE
	EndGlobalSection
	GlobalSection(ExtensibilityGlobals) = postSolution
		SolutionGuid = {326A0638-67B1-4BB8-A1C9-5D7F999BED38}
	EndGlobalSection
EndGlobal
